// !$*UTF8*$!
{
	archiveVersion = 1;
	classes = {
	};
	objectVersion = 55;
	objects = {

/* Begin PBXBuildFile section */
		A961E34FB55ECF53E13AB4AC /* Pods_Networking_Example.framework in Frameworks */ = {isa = PBXBuildFile; fileRef = E2D196375A04F3C3A59309AD /* Pods_Networking_Example.framework */; };
		D536AEA7294A61B200A49DE0 /* PokeAPI.Endpoints.swift in Sources */ = {isa = PBXBuildFile; fileRef = D536AEA6294A61B200A49DE0 /* PokeAPI.Endpoints.swift */; };
		D536AEAA294A631900A49DE0 /* PokeAPI.GetRequest.swift in Sources */ = {isa = PBXBuildFile; fileRef = D536AEA9294A631900A49DE0 /* PokeAPI.GetRequest.swift */; };
		D54A599C29520B7000DA8522 /* HTTPBinEndpoints.swift in Sources */ = {isa = PBXBuildFile; fileRef = D54A599B29520B7000DA8522 /* HTTPBinEndpoints.swift */; };
		D54A599E29520D9700DA8522 /* HTTPBin.Request.swift in Sources */ = {isa = PBXBuildFile; fileRef = D54A599D29520D9700DA8522 /* HTTPBin.Request.swift */; };
		D54A59A32952176D00DA8522 /* JSONPlaceholderEndpoints.swift in Sources */ = {isa = PBXBuildFile; fileRef = D54A59A22952176D00DA8522 /* JSONPlaceholderEndpoints.swift */; };
		D54A59A6295217B000DA8522 /* JSONPlaceholder.Request.swift in Sources */ = {isa = PBXBuildFile; fileRef = D54A59A5295217B000DA8522 /* JSONPlaceholder.Request.swift */; };
		D54A59BE29521E6600DA8522 /* ImageViewController.swift in Sources */ = {isa = PBXBuildFile; fileRef = D54A59BD29521E6600DA8522 /* ImageViewController.swift */; };
		D5A1C3D6295252AA004A5C90 /* ReqresEndpoints.swift in Sources */ = {isa = PBXBuildFile; fileRef = D5A1C3D5295252AA004A5C90 /* ReqresEndpoints.swift */; };
		D5A1C3D929525656004A5C90 /* Reqres.Request.swift in Sources */ = {isa = PBXBuildFile; fileRef = D5A1C3D829525656004A5C90 /* Reqres.Request.swift */; };
		D5B7F55329493EB80090AADC /* ResourceViewController.swift in Sources */ = {isa = PBXBuildFile; fileRef = D5B7F55229493EB80090AADC /* ResourceViewController.swift */; };
		D5DFA111294951DD00727398 /* ResponseViewController.swift in Sources */ = {isa = PBXBuildFile; fileRef = D5DFA110294951DD00727398 /* ResponseViewController.swift */; };
		D5DFA1142949698600727398 /* GitHub.Endpoints.swift in Sources */ = {isa = PBXBuildFile; fileRef = D5DFA1132949698600727398 /* GitHub.Endpoints.swift */; };
		D5DFA11629496A2300727398 /* GitHub.GetRequest.swift in Sources */ = {isa = PBXBuildFile; fileRef = D5DFA11529496A2300727398 /* GitHub.GetRequest.swift */; };
		D5E2652E2949301300549A90 /* AppDelegate.swift in Sources */ = {isa = PBXBuildFile; fileRef = D5E2652D2949301300549A90 /* AppDelegate.swift */; };
		D5E265302949301300549A90 /* SceneDelegate.swift in Sources */ = {isa = PBXBuildFile; fileRef = D5E2652F2949301300549A90 /* SceneDelegate.swift */; };
		D5E265322949301300549A90 /* APIListViewController.swift in Sources */ = {isa = PBXBuildFile; fileRef = D5E265312949301300549A90 /* APIListViewController.swift */; };
		D5E265372949301400549A90 /* Assets.xcassets in Resources */ = {isa = PBXBuildFile; fileRef = D5E265362949301400549A90 /* Assets.xcassets */; };
		D5E2653A2949301400549A90 /* LaunchScreen.storyboard in Resources */ = {isa = PBXBuildFile; fileRef = D5E265382949301400549A90 /* LaunchScreen.storyboard */; };
		D5E2654229493C3400549A90 /* APIListData.swift in Sources */ = {isa = PBXBuildFile; fileRef = D5E2654129493C3400549A90 /* APIListData.swift */; };
/* End PBXBuildFile section */

/* Begin PBXFileReference section */
		4D8180ABA69291D3EF4555F9 /* Pods-Networking-Example.debug.xcconfig */ = {isa = PBXFileReference; includeInIndex = 1; lastKnownFileType = text.xcconfig; name = "Pods-Networking-Example.debug.xcconfig"; path = "Target Support Files/Pods-Networking-Example/Pods-Networking-Example.debug.xcconfig"; sourceTree = "<group>"; };
		D536AEA6294A61B200A49DE0 /* PokeAPI.Endpoints.swift */ = {isa = PBXFileReference; lastKnownFileType = sourcecode.swift; path = PokeAPI.Endpoints.swift; sourceTree = "<group>"; };
		D536AEA9294A631900A49DE0 /* PokeAPI.GetRequest.swift */ = {isa = PBXFileReference; lastKnownFileType = sourcecode.swift; path = PokeAPI.GetRequest.swift; sourceTree = "<group>"; };
		D54A599B29520B7000DA8522 /* HTTPBinEndpoints.swift */ = {isa = PBXFileReference; lastKnownFileType = sourcecode.swift; path = HTTPBinEndpoints.swift; sourceTree = "<group>"; };
		D54A599D29520D9700DA8522 /* HTTPBin.Request.swift */ = {isa = PBXFileReference; lastKnownFileType = sourcecode.swift; path = HTTPBin.Request.swift; sourceTree = "<group>"; };
		D54A59A22952176D00DA8522 /* JSONPlaceholderEndpoints.swift */ = {isa = PBXFileReference; lastKnownFileType = sourcecode.swift; path = JSONPlaceholderEndpoints.swift; sourceTree = "<group>"; };
		D54A59A5295217B000DA8522 /* JSONPlaceholder.Request.swift */ = {isa = PBXFileReference; lastKnownFileType = sourcecode.swift; path = JSONPlaceholder.Request.swift; sourceTree = "<group>"; };
		D54A59BD29521E6600DA8522 /* ImageViewController.swift */ = {isa = PBXFileReference; lastKnownFileType = sourcecode.swift; path = ImageViewController.swift; sourceTree = "<group>"; };
		D5A1C3D5295252AA004A5C90 /* ReqresEndpoints.swift */ = {isa = PBXFileReference; lastKnownFileType = sourcecode.swift; path = ReqresEndpoints.swift; sourceTree = "<group>"; };
		D5A1C3D829525656004A5C90 /* Reqres.Request.swift */ = {isa = PBXFileReference; lastKnownFileType = sourcecode.swift; path = Reqres.Request.swift; sourceTree = "<group>"; };
		D5B7F55229493EB80090AADC /* ResourceViewController.swift */ = {isa = PBXFileReference; lastKnownFileType = sourcecode.swift; path = ResourceViewController.swift; sourceTree = "<group>"; };
		D5DFA110294951DD00727398 /* ResponseViewController.swift */ = {isa = PBXFileReference; lastKnownFileType = sourcecode.swift; path = ResponseViewController.swift; sourceTree = "<group>"; };
		D5DFA1132949698600727398 /* GitHub.Endpoints.swift */ = {isa = PBXFileReference; lastKnownFileType = sourcecode.swift; path = GitHub.Endpoints.swift; sourceTree = "<group>"; };
		D5DFA11529496A2300727398 /* GitHub.GetRequest.swift */ = {isa = PBXFileReference; lastKnownFileType = sourcecode.swift; path = GitHub.GetRequest.swift; sourceTree = "<group>"; };
		D5E2652A2949301300549A90 /* Networking-Example.app */ = {isa = PBXFileReference; explicitFileType = wrapper.application; includeInIndex = 0; path = "Networking-Example.app"; sourceTree = BUILT_PRODUCTS_DIR; };
		D5E2652D2949301300549A90 /* AppDelegate.swift */ = {isa = PBXFileReference; lastKnownFileType = sourcecode.swift; path = AppDelegate.swift; sourceTree = "<group>"; };
		D5E2652F2949301300549A90 /* SceneDelegate.swift */ = {isa = PBXFileReference; lastKnownFileType = sourcecode.swift; path = SceneDelegate.swift; sourceTree = "<group>"; };
		D5E265312949301300549A90 /* APIListViewController.swift */ = {isa = PBXFileReference; lastKnownFileType = sourcecode.swift; path = APIListViewController.swift; sourceTree = "<group>"; };
		D5E265362949301400549A90 /* Assets.xcassets */ = {isa = PBXFileReference; lastKnownFileType = folder.assetcatalog; path = Assets.xcassets; sourceTree = "<group>"; };
		D5E265392949301400549A90 /* Base */ = {isa = PBXFileReference; lastKnownFileType = file.storyboard; name = Base; path = Base.lproj/LaunchScreen.storyboard; sourceTree = "<group>"; };
		D5E2653B2949301400549A90 /* Info.plist */ = {isa = PBXFileReference; lastKnownFileType = text.plist.xml; path = Info.plist; sourceTree = "<group>"; };
		D5E2654129493C3400549A90 /* APIListData.swift */ = {isa = PBXFileReference; lastKnownFileType = sourcecode.swift; path = APIListData.swift; sourceTree = "<group>"; };
		E2D196375A04F3C3A59309AD /* Pods_Networking_Example.framework */ = {isa = PBXFileReference; explicitFileType = wrapper.framework; includeInIndex = 0; path = Pods_Networking_Example.framework; sourceTree = BUILT_PRODUCTS_DIR; };
		E3A1CC45A4C0A0351A72281D /* Pods-Networking-Example.release.xcconfig */ = {isa = PBXFileReference; includeInIndex = 1; lastKnownFileType = text.xcconfig; name = "Pods-Networking-Example.release.xcconfig"; path = "Target Support Files/Pods-Networking-Example/Pods-Networking-Example.release.xcconfig"; sourceTree = "<group>"; };
/* End PBXFileReference section */

/* Begin PBXFrameworksBuildPhase section */
		D5E265272949301300549A90 /* Frameworks */ = {
			isa = PBXFrameworksBuildPhase;
			buildActionMask = 2147483647;
			files = (
				A961E34FB55ECF53E13AB4AC /* Pods_Networking_Example.framework in Frameworks */,
			);
			runOnlyForDeploymentPostprocessing = 0;
		};
/* End PBXFrameworksBuildPhase section */

/* Begin PBXGroup section */
		02CD2C8A0BF447432965BA7F /* Frameworks */ = {
			isa = PBXGroup;
			children = (
				E2D196375A04F3C3A59309AD /* Pods_Networking_Example.framework */,
			);
			name = Frameworks;
			sourceTree = "<group>";
		};
		7D70035A79A0CC4B3F7DA2E7 /* Pods */ = {
			isa = PBXGroup;
			children = (
				4D8180ABA69291D3EF4555F9 /* Pods-Networking-Example.debug.xcconfig */,
				E3A1CC45A4C0A0351A72281D /* Pods-Networking-Example.release.xcconfig */,
			);
			path = Pods;
			sourceTree = "<group>";
		};
		D536AEA8294A61B800A49DE0 /* PokeAPI */ = {
			isa = PBXGroup;
			children = (
				D536AEA6294A61B200A49DE0 /* PokeAPI.Endpoints.swift */,
				D536AEA9294A631900A49DE0 /* PokeAPI.GetRequest.swift */,
			);
			path = PokeAPI;
			sourceTree = "<group>";
		};
		D54A59A1295211A900DA8522 /* HTTPBin */ = {
			isa = PBXGroup;
			children = (
				D54A599B29520B7000DA8522 /* HTTPBinEndpoints.swift */,
				D54A599D29520D9700DA8522 /* HTTPBin.Request.swift */,
			);
			path = HTTPBin;
			sourceTree = "<group>";
		};
		D54A59A42952179900DA8522 /* JSONPlaceholder */ = {
			isa = PBXGroup;
			children = (
				D54A59A22952176D00DA8522 /* JSONPlaceholderEndpoints.swift */,
				D54A59A5295217B000DA8522 /* JSONPlaceholder.Request.swift */,
			);
			path = JSONPlaceholder;
			sourceTree = "<group>";
		};
		D54A59BF29521EBC00DA8522 /* ImageView */ = {
			isa = PBXGroup;
			children = (
				D54A59BD29521E6600DA8522 /* ImageViewController.swift */,
			);
			path = ImageView;
			sourceTree = "<group>";
		};
		D5A1C3D72952562A004A5C90 /* Reqres */ = {
			isa = PBXGroup;
			children = (
				D5A1C3D5295252AA004A5C90 /* ReqresEndpoints.swift */,
				D5A1C3D829525656004A5C90 /* Reqres.Request.swift */,
			);
			path = Reqres;
			sourceTree = "<group>";
		};
		D5B7F55429493EC80090AADC /* ResourceView */ = {
			isa = PBXGroup;
			children = (
				D5B7F55229493EB80090AADC /* ResourceViewController.swift */,
			);
			path = ResourceView;
			sourceTree = "<group>";
		};
		D5DFA11229495C4B00727398 /* ResultView */ = {
			isa = PBXGroup;
			children = (
				D5DFA110294951DD00727398 /* ResponseViewController.swift */,
			);
			path = ResultView;
			sourceTree = "<group>";
		};
		D5DFA11729496A3800727398 /* APIs */ = {
			isa = PBXGroup;
			children = (
				D5DFA11829496A3F00727398 /* GitHub */,
				D536AEA8294A61B800A49DE0 /* PokeAPI */,
				D54A59A1295211A900DA8522 /* HTTPBin */,
				D54A59A42952179900DA8522 /* JSONPlaceholder */,
				D5A1C3D72952562A004A5C90 /* Reqres */,
			);
			path = APIs;
			sourceTree = "<group>";
		};
		D5DFA11829496A3F00727398 /* GitHub */ = {
			isa = PBXGroup;
			children = (
				D5DFA1132949698600727398 /* GitHub.Endpoints.swift */,
				D5DFA11529496A2300727398 /* GitHub.GetRequest.swift */,
			);
			path = GitHub;
			sourceTree = "<group>";
		};
		D5DFA119294977AE00727398 /* Views */ = {
			isa = PBXGroup;
			children = (
				D5E2654329493DB100549A90 /* APIListView */,
				D5B7F55429493EC80090AADC /* ResourceView */,
				D5DFA11229495C4B00727398 /* ResultView */,
				D54A59BF29521EBC00DA8522 /* ImageView */,
			);
			path = Views;
			sourceTree = "<group>";
		};
		D5E265212949301300549A90 = {
			isa = PBXGroup;
			children = (
				D5E2652C2949301300549A90 /* Networking-Example */,
				D5E2652B2949301300549A90 /* Products */,
				7D70035A79A0CC4B3F7DA2E7 /* Pods */,
				02CD2C8A0BF447432965BA7F /* Frameworks */,
			);
			sourceTree = "<group>";
		};
		D5E2652B2949301300549A90 /* Products */ = {
			isa = PBXGroup;
			children = (
				D5E2652A2949301300549A90 /* Networking-Example.app */,
			);
			name = Products;
			sourceTree = "<group>";
		};
		D5E2652C2949301300549A90 /* Networking-Example */ = {
			isa = PBXGroup;
			children = (
				D5E2652D2949301300549A90 /* AppDelegate.swift */,
				D5E2652F2949301300549A90 /* SceneDelegate.swift */,
				D5DFA119294977AE00727398 /* Views */,
				D5DFA11729496A3800727398 /* APIs */,
				D5E265362949301400549A90 /* Assets.xcassets */,
				D5E265382949301400549A90 /* LaunchScreen.storyboard */,
				D5E2653B2949301400549A90 /* Info.plist */,
			);
			path = "Networking-Example";
			sourceTree = "<group>";
		};
		D5E2654329493DB100549A90 /* APIListView */ = {
			isa = PBXGroup;
			children = (
				D5E265312949301300549A90 /* APIListViewController.swift */,
				D5E2654129493C3400549A90 /* APIListData.swift */,
			);
			path = APIListView;
			sourceTree = "<group>";
		};
/* End PBXGroup section */

/* Begin PBXNativeTarget section */
		D5E265292949301300549A90 /* Networking-Example */ = {
			isa = PBXNativeTarget;
			buildConfigurationList = D5E2653E2949301400549A90 /* Build configuration list for PBXNativeTarget "Networking-Example" */;
			buildPhases = (
				1916528807BF291B8B5F8F00 /* [CP] Check Pods Manifest.lock */,
				D5E265262949301300549A90 /* Sources */,
				D5E265272949301300549A90 /* Frameworks */,
				D5E265282949301300549A90 /* Resources */,
				DE6556B6C6CE37C928AE9ED6 /* [CP] Embed Pods Frameworks */,
			);
			buildRules = (
			);
			dependencies = (
			);
			name = "Networking-Example";
			productName = "Networking-Example";
			productReference = D5E2652A2949301300549A90 /* Networking-Example.app */;
			productType = "com.apple.product-type.application";
		};
/* End PBXNativeTarget section */

/* Begin PBXProject section */
		D5E265222949301300549A90 /* Project object */ = {
			isa = PBXProject;
			attributes = {
				BuildIndependentTargetsInParallel = 1;
				LastSwiftUpdateCheck = 1400;
				LastUpgradeCheck = 1400;
				TargetAttributes = {
					D5E265292949301300549A90 = {
						CreatedOnToolsVersion = 14.0.1;
					};
				};
			};
			buildConfigurationList = D5E265252949301300549A90 /* Build configuration list for PBXProject "Networking-Example" */;
			compatibilityVersion = "Xcode 13.0";
			developmentRegion = en;
			hasScannedForEncodings = 0;
			knownRegions = (
				en,
				Base,
			);
			mainGroup = D5E265212949301300549A90;
			productRefGroup = D5E2652B2949301300549A90 /* Products */;
			projectDirPath = "";
			projectRoot = "";
			targets = (
				D5E265292949301300549A90 /* Networking-Example */,
			);
		};
/* End PBXProject section */

/* Begin PBXResourcesBuildPhase section */
		D5E265282949301300549A90 /* Resources */ = {
			isa = PBXResourcesBuildPhase;
			buildActionMask = 2147483647;
			files = (
				D5E2653A2949301400549A90 /* LaunchScreen.storyboard in Resources */,
				D5E265372949301400549A90 /* Assets.xcassets in Resources */,
			);
			runOnlyForDeploymentPostprocessing = 0;
		};
/* End PBXResourcesBuildPhase section */

/* Begin PBXShellScriptBuildPhase section */
		1916528807BF291B8B5F8F00 /* [CP] Check Pods Manifest.lock */ = {
			isa = PBXShellScriptBuildPhase;
			buildActionMask = 2147483647;
			files = (
			);
			inputFileListPaths = (
			);
			inputPaths = (
				"${PODS_PODFILE_DIR_PATH}/Podfile.lock",
				"${PODS_ROOT}/Manifest.lock",
			);
			name = "[CP] Check Pods Manifest.lock";
			outputFileListPaths = (
			);
			outputPaths = (
				"$(DERIVED_FILE_DIR)/Pods-Networking-Example-checkManifestLockResult.txt",
			);
			runOnlyForDeploymentPostprocessing = 0;
			shellPath = /bin/sh;
			shellScript = "diff \"${PODS_PODFILE_DIR_PATH}/Podfile.lock\" \"${PODS_ROOT}/Manifest.lock\" > /dev/null\nif [ $? != 0 ] ; then\n    # print error to STDERR\n    echo \"error: The sandbox is not in sync with the Podfile.lock. Run 'pod install' or update your CocoaPods installation.\" >&2\n    exit 1\nfi\n# This output is used by Xcode 'outputs' to avoid re-running this script phase.\necho \"SUCCESS\" > \"${SCRIPT_OUTPUT_FILE_0}\"\n";
			showEnvVarsInLog = 0;
		};
		DE6556B6C6CE37C928AE9ED6 /* [CP] Embed Pods Frameworks */ = {
			isa = PBXShellScriptBuildPhase;
			buildActionMask = 2147483647;
			files = (
			);
			inputFileListPaths = (
				"${PODS_ROOT}/Target Support Files/Pods-Networking-Example/Pods-Networking-Example-frameworks-${CONFIGURATION}-input-files.xcfilelist",
			);
			name = "[CP] Embed Pods Frameworks";
			outputFileListPaths = (
				"${PODS_ROOT}/Target Support Files/Pods-Networking-Example/Pods-Networking-Example-frameworks-${CONFIGURATION}-output-files.xcfilelist",
			);
			runOnlyForDeploymentPostprocessing = 0;
			shellPath = /bin/sh;
			shellScript = "\"${PODS_ROOT}/Target Support Files/Pods-Networking-Example/Pods-Networking-Example-frameworks.sh\"\n";
			showEnvVarsInLog = 0;
		};
/* End PBXShellScriptBuildPhase section */

/* Begin PBXSourcesBuildPhase section */
		D5E265262949301300549A90 /* Sources */ = {
			isa = PBXSourcesBuildPhase;
			buildActionMask = 2147483647;
			files = (
				D54A59A6295217B000DA8522 /* JSONPlaceholder.Request.swift in Sources */,
				D536AEA7294A61B200A49DE0 /* PokeAPI.Endpoints.swift in Sources */,
				D5B7F55329493EB80090AADC /* ResourceViewController.swift in Sources */,
				D54A599C29520B7000DA8522 /* HTTPBinEndpoints.swift in Sources */,
				D5E2654229493C3400549A90 /* APIListData.swift in Sources */,
				D54A59BE29521E6600DA8522 /* ImageViewController.swift in Sources */,
				D5A1C3D6295252AA004A5C90 /* ReqresEndpoints.swift in Sources */,
				D5A1C3D929525656004A5C90 /* Reqres.Request.swift in Sources */,
				D54A599E29520D9700DA8522 /* HTTPBin.Request.swift in Sources */,
				D5DFA11629496A2300727398 /* GitHub.GetRequest.swift in Sources */,
				D5E265322949301300549A90 /* APIListViewController.swift in Sources */,
				D5E2652E2949301300549A90 /* AppDelegate.swift in Sources */,
				D536AEAA294A631900A49DE0 /* PokeAPI.GetRequest.swift in Sources */,
				D5E265302949301300549A90 /* SceneDelegate.swift in Sources */,
				D54A59A32952176D00DA8522 /* JSONPlaceholderEndpoints.swift in Sources */,
				D5DFA1142949698600727398 /* GitHub.Endpoints.swift in Sources */,
				D5DFA111294951DD00727398 /* ResponseViewController.swift in Sources */,
			);
			runOnlyForDeploymentPostprocessing = 0;
		};
/* End PBXSourcesBuildPhase section */

/* Begin PBXVariantGroup section */
		D5E265382949301400549A90 /* LaunchScreen.storyboard */ = {
			isa = PBXVariantGroup;
			children = (
				D5E265392949301400549A90 /* Base */,
			);
			name = LaunchScreen.storyboard;
			sourceTree = "<group>";
		};
/* End PBXVariantGroup section */

/* Begin XCBuildConfiguration section */
		D5E2653C2949301400549A90 /* Debug */ = {
			isa = XCBuildConfiguration;
			buildSettings = {
				ALWAYS_SEARCH_USER_PATHS = NO;
				CLANG_ANALYZER_NONNULL = YES;
				CLANG_ANALYZER_NUMBER_OBJECT_CONVERSION = YES_AGGRESSIVE;
				CLANG_CXX_LANGUAGE_STANDARD = "gnu++20";
				CLANG_ENABLE_MODULES = YES;
				CLANG_ENABLE_OBJC_ARC = YES;
				CLANG_ENABLE_OBJC_WEAK = YES;
				CLANG_WARN_BLOCK_CAPTURE_AUTORELEASING = YES;
				CLANG_WARN_BOOL_CONVERSION = YES;
				CLANG_WARN_COMMA = YES;
				CLANG_WARN_CONSTANT_CONVERSION = YES;
				CLANG_WARN_DEPRECATED_OBJC_IMPLEMENTATIONS = YES;
				CLANG_WARN_DIRECT_OBJC_ISA_USAGE = YES_ERROR;
				CLANG_WARN_DOCUMENTATION_COMMENTS = YES;
				CLANG_WARN_EMPTY_BODY = YES;
				CLANG_WARN_ENUM_CONVERSION = YES;
				CLANG_WARN_INFINITE_RECURSION = YES;
				CLANG_WARN_INT_CONVERSION = YES;
				CLANG_WARN_NON_LITERAL_NULL_CONVERSION = YES;
				CLANG_WARN_OBJC_IMPLICIT_RETAIN_SELF = YES;
				CLANG_WARN_OBJC_LITERAL_CONVERSION = YES;
				CLANG_WARN_OBJC_ROOT_CLASS = YES_ERROR;
				CLANG_WARN_QUOTED_INCLUDE_IN_FRAMEWORK_HEADER = YES;
				CLANG_WARN_RANGE_LOOP_ANALYSIS = YES;
				CLANG_WARN_STRICT_PROTOTYPES = YES;
				CLANG_WARN_SUSPICIOUS_MOVE = YES;
				CLANG_WARN_UNGUARDED_AVAILABILITY = YES_AGGRESSIVE;
				CLANG_WARN_UNREACHABLE_CODE = YES;
				CLANG_WARN__DUPLICATE_METHOD_MATCH = YES;
				COPY_PHASE_STRIP = NO;
				DEBUG_INFORMATION_FORMAT = dwarf;
				ENABLE_STRICT_OBJC_MSGSEND = YES;
				ENABLE_TESTABILITY = YES;
				GCC_C_LANGUAGE_STANDARD = gnu11;
				GCC_DYNAMIC_NO_PIC = NO;
				GCC_NO_COMMON_BLOCKS = YES;
				GCC_OPTIMIZATION_LEVEL = 0;
				GCC_PREPROCESSOR_DEFINITIONS = (
					"DEBUG=1",
					"$(inherited)",
				);
				GCC_WARN_64_TO_32_BIT_CONVERSION = YES;
				GCC_WARN_ABOUT_RETURN_TYPE = YES_ERROR;
				GCC_WARN_UNDECLARED_SELECTOR = YES;
				GCC_WARN_UNINITIALIZED_AUTOS = YES_AGGRESSIVE;
				GCC_WARN_UNUSED_FUNCTION = YES;
				GCC_WARN_UNUSED_VARIABLE = YES;
				IPHONEOS_DEPLOYMENT_TARGET = 13.0;
				MTL_ENABLE_DEBUG_INFO = INCLUDE_SOURCE;
				MTL_FAST_MATH = YES;
				ONLY_ACTIVE_ARCH = YES;
				SDKROOT = iphoneos;
				SWIFT_ACTIVE_COMPILATION_CONDITIONS = DEBUG;
				SWIFT_OPTIMIZATION_LEVEL = "-Onone";
			};
			name = Debug;
		};
		D5E2653D2949301400549A90 /* Release */ = {
			isa = XCBuildConfiguration;
			buildSettings = {
				ALWAYS_SEARCH_USER_PATHS = NO;
				CLANG_ANALYZER_NONNULL = YES;
				CLANG_ANALYZER_NUMBER_OBJECT_CONVERSION = YES_AGGRESSIVE;
				CLANG_CXX_LANGUAGE_STANDARD = "gnu++20";
				CLANG_ENABLE_MODULES = YES;
				CLANG_ENABLE_OBJC_ARC = YES;
				CLANG_ENABLE_OBJC_WEAK = YES;
				CLANG_WARN_BLOCK_CAPTURE_AUTORELEASING = YES;
				CLANG_WARN_BOOL_CONVERSION = YES;
				CLANG_WARN_COMMA = YES;
				CLANG_WARN_CONSTANT_CONVERSION = YES;
				CLANG_WARN_DEPRECATED_OBJC_IMPLEMENTATIONS = YES;
				CLANG_WARN_DIRECT_OBJC_ISA_USAGE = YES_ERROR;
				CLANG_WARN_DOCUMENTATION_COMMENTS = YES;
				CLANG_WARN_EMPTY_BODY = YES;
				CLANG_WARN_ENUM_CONVERSION = YES;
				CLANG_WARN_INFINITE_RECURSION = YES;
				CLANG_WARN_INT_CONVERSION = YES;
				CLANG_WARN_NON_LITERAL_NULL_CONVERSION = YES;
				CLANG_WARN_OBJC_IMPLICIT_RETAIN_SELF = YES;
				CLANG_WARN_OBJC_LITERAL_CONVERSION = YES;
				CLANG_WARN_OBJC_ROOT_CLASS = YES_ERROR;
				CLANG_WARN_QUOTED_INCLUDE_IN_FRAMEWORK_HEADER = YES;
				CLANG_WARN_RANGE_LOOP_ANALYSIS = YES;
				CLANG_WARN_STRICT_PROTOTYPES = YES;
				CLANG_WARN_SUSPICIOUS_MOVE = YES;
				CLANG_WARN_UNGUARDED_AVAILABILITY = YES_AGGRESSIVE;
				CLANG_WARN_UNREACHABLE_CODE = YES;
				CLANG_WARN__DUPLICATE_METHOD_MATCH = YES;
				COPY_PHASE_STRIP = NO;
				DEBUG_INFORMATION_FORMAT = "dwarf-with-dsym";
				ENABLE_NS_ASSERTIONS = NO;
				ENABLE_STRICT_OBJC_MSGSEND = YES;
				GCC_C_LANGUAGE_STANDARD = gnu11;
				GCC_NO_COMMON_BLOCKS = YES;
				GCC_WARN_64_TO_32_BIT_CONVERSION = YES;
				GCC_WARN_ABOUT_RETURN_TYPE = YES_ERROR;
				GCC_WARN_UNDECLARED_SELECTOR = YES;
				GCC_WARN_UNINITIALIZED_AUTOS = YES_AGGRESSIVE;
				GCC_WARN_UNUSED_FUNCTION = YES;
				GCC_WARN_UNUSED_VARIABLE = YES;
				IPHONEOS_DEPLOYMENT_TARGET = 13.0;
				MTL_ENABLE_DEBUG_INFO = NO;
				MTL_FAST_MATH = YES;
				SDKROOT = iphoneos;
				SWIFT_COMPILATION_MODE = wholemodule;
				SWIFT_OPTIMIZATION_LEVEL = "-O";
				VALIDATE_PRODUCT = YES;
			};
			name = Release;
		};
		D5E2653F2949301400549A90 /* Debug */ = {
			isa = XCBuildConfiguration;
			baseConfigurationReference = 4D8180ABA69291D3EF4555F9 /* Pods-Networking-Example.debug.xcconfig */;
			buildSettings = {
				ASSETCATALOG_COMPILER_APPICON_NAME = AppIcon;
				ASSETCATALOG_COMPILER_GLOBAL_ACCENT_COLOR_NAME = AccentColor;
				CODE_SIGN_STYLE = Automatic;
				CURRENT_PROJECT_VERSION = 1;
				DEVELOPMENT_TEAM = V39999UVRP;
				GENERATE_INFOPLIST_FILE = YES;
				INFOPLIST_FILE = "Networking-Example/Info.plist";
				INFOPLIST_KEY_UIApplicationSupportsIndirectInputEvents = YES;
				INFOPLIST_KEY_UILaunchStoryboardName = LaunchScreen;
				INFOPLIST_KEY_UISupportedInterfaceOrientations = UIInterfaceOrientationPortrait;
				LD_RUNPATH_SEARCH_PATHS = (
					"$(inherited)",
					"@executable_path/Frameworks",
				);
				MARKETING_VERSION = 1.0;
				PRODUCT_BUNDLE_IDENTIFIER = "com.viktorgidlof.ios.Networking-Example";
				PRODUCT_NAME = "$(TARGET_NAME)";
				SUPPORTED_PLATFORMS = "iphoneos iphonesimulator";
				SUPPORTS_MACCATALYST = NO;
				SUPPORTS_MAC_DESIGNED_FOR_IPHONE_IPAD = NO;
				SWIFT_EMIT_LOC_STRINGS = YES;
				SWIFT_VERSION = 5.0;
				TARGETED_DEVICE_FAMILY = 1;
			};
			name = Debug;
		};
		D5E265402949301400549A90 /* Release */ = {
			isa = XCBuildConfiguration;
			baseConfigurationReference = E3A1CC45A4C0A0351A72281D /* Pods-Networking-Example.release.xcconfig */;
			buildSettings = {
				ASSETCATALOG_COMPILER_APPICON_NAME = AppIcon;
				ASSETCATALOG_COMPILER_GLOBAL_ACCENT_COLOR_NAME = AccentColor;
				CODE_SIGN_STYLE = Automatic;
				CURRENT_PROJECT_VERSION = 1;
				DEVELOPMENT_TEAM = V39999UVRP;
				GENERATE_INFOPLIST_FILE = YES;
				INFOPLIST_FILE = "Networking-Example/Info.plist";
				INFOPLIST_KEY_UIApplicationSupportsIndirectInputEvents = YES;
				INFOPLIST_KEY_UILaunchStoryboardName = LaunchScreen;
				INFOPLIST_KEY_UISupportedInterfaceOrientations = UIInterfaceOrientationPortrait;
				LD_RUNPATH_SEARCH_PATHS = (
					"$(inherited)",
					"@executable_path/Frameworks",
				);
				MARKETING_VERSION = 1.0;
				PRODUCT_BUNDLE_IDENTIFIER = "com.viktorgidlof.ios.Networking-Example";
				PRODUCT_NAME = "$(TARGET_NAME)";
				SUPPORTED_PLATFORMS = "iphoneos iphonesimulator";
				SUPPORTS_MACCATALYST = NO;
				SUPPORTS_MAC_DESIGNED_FOR_IPHONE_IPAD = NO;
				SWIFT_EMIT_LOC_STRINGS = YES;
				SWIFT_VERSION = 5.0;
				TARGETED_DEVICE_FAMILY = 1;
			};
			name = Release;
		};
/* End XCBuildConfiguration section */

/* Begin XCConfigurationList section */
		D5E265252949301300549A90 /* Build configuration list for PBXProject "Networking-Example" */ = {
			isa = XCConfigurationList;
			buildConfigurations = (
				D5E2653C2949301400549A90 /* Debug */,
				D5E2653D2949301400549A90 /* Release */,
			);
			defaultConfigurationIsVisible = 0;
			defaultConfigurationName = Release;
		};
		D5E2653E2949301400549A90 /* Build configuration list for PBXNativeTarget "Networking-Example" */ = {
			isa = XCConfigurationList;
			buildConfigurations = (
				D5E2653F2949301400549A90 /* Debug */,
				D5E265402949301400549A90 /* Release */,
			);
			defaultConfigurationIsVisible = 0;
			defaultConfigurationName = Release;
		};
/* End XCConfigurationList section */
	};
	rootObject = D5E265222949301300549A90 /* Project object */;
}
